Microsoft Visual Studio Solution File, Format Version 12.00
# Visual Studio 15
VisualStudioVersion = 15.0.26430.16
MinimumVisualStudioVersion = 15.0.26124.0
Project("{9A19103F-16F7-4668-BE54-9A1E7A4F7556}") = "MyDigitalKey.Web", "MyDigitalKey.Web\MyDigitalKey.Web.csproj", "{E538A286-76D9-47D8-9B13-A39517CB6ED7}"
EndProject
Project("{9A19103F-16F7-4668-BE54-9A1E7A4F7556}") = "MyDigitalKey.Persistence.InMemory", "MyDigitalKey.Persistence.InMemory\MyDigitalKey.Persistence.InMemory.csproj", "{EEE6F9FE-42D3-48C0-BCB3-5A47AAE2530F}"
EndProject
Project("{9A19103F-16F7-4668-BE54-9A1E7A4F7556}") = "MyDigitalKey.Domain", "MyDigitalKey.Domain\MyDigitalKey.Domain.csproj", "{A6D0B5CF-6BEA-4301-A5F0-912D0E5604FB}"
EndProject
Project("{FAE04EC0-301F-11D3-BF4B-00C04F79EFBC}") = "MyDigitalKey.Services", "MyDigitalKey.Services\MyDigitalKey.Services.csproj", "{94AD753A-3D8B-450E-8C0E-DD882C71FAAF}"
EndProject
Project("{FAE04EC0-301F-11D3-BF4B-00C04F79EFBC}") = "MyDigitalKey.Services.Contracts", "MyDigitalKey.Services.Contracts\MyDigitalKey.Services.Contracts.csproj", "{A1849784-184B-4440-8448-D739E1A2D40A}"
EndProject
Global
	GlobalSection(SolutionConfigurationPlatforms) = preSolution
		Debug|Any CPU = Debug|Any CPU
		Debug|x64 = Debug|x64
		Debug|x86 = Debug|x86
		Release|Any CPU = Release|Any CPU
		Release|x64 = Release|x64
		Release|x86 = Release|x86
	EndGlobalSection
	GlobalSection(ProjectConfigurationPlatforms) = postSolution
		{E538A286-76D9-47D8-9B13-A39517CB6ED7}.Debug|Any CPU.ActiveCfg = Debug|Any CPU
		{E538A286-76D9-47D8-9B13-A39517CB6ED7}.Debug|Any CPU.Build.0 = Debug|Any CPU
		{E538A286-76D9-47D8-9B13-A39517CB6ED7}.Debug|x64.ActiveCfg = Debug|Any CPU
		{E538A286-76D9-47D8-9B13-A39517CB6ED7}.Debug|x64.Build.0 = Debug|Any CPU
		{E538A286-76D9-47D8-9B13-A39517CB6ED7}.Debug|x86.ActiveCfg = Debug|Any CPU
		{E538A286-76D9-47D8-9B13-A39517CB6ED7}.Debug|x86.Build.0 = Debug|Any CPU
		{E538A286-76D9-47D8-9B13-A39517CB6ED7}.Release|Any CPU.ActiveCfg = Release|Any CPU
		{E538A286-76D9-47D8-9B13-A39517CB6ED7}.Release|Any CPU.Build.0 = Release|Any CPU
		{E538A286-76D9-47D8-9B13-A39517CB6ED7}.Release|x64.ActiveCfg = Release|Any CPU
		{E538A286-76D9-47D8-9B13-A39517CB6ED7}.Release|x64.Build.0 = Release|Any CPU
		{E538A286-76D9-47D8-9B13-A39517CB6ED7}.Release|x86.ActiveCfg = Release|Any CPU
		{E538A286-76D9-47D8-9B13-A39517CB6ED7}.Release|x86.Build.0 = Release|Any CPU
		{EEE6F9FE-42D3-48C0-BCB3-5A47AAE2530F}.Debug|Any CPU.ActiveCfg = Debug|Any CPU
		{EEE6F9FE-42D3-48C0-BCB3-5A47AAE2530F}.Debug|Any CPU.Build.0 = Debug|Any CPU
		{EEE6F9FE-42D3-48C0-BCB3-5A47AAE2530F}.Debug|x64.ActiveCfg = Debug|Any CPU
		{EEE6F9FE-42D3-48C0-BCB3-5A47AAE2530F}.Debug|x64.Build.0 = Debug|Any CPU
		{EEE6F9FE-42D3-48C0-BCB3-5A47AAE2530F}.Debug|x86.ActiveCfg = Debug|Any CPU
		{EEE6F9FE-42D3-48C0-BCB3-5A47AAE2530F}.Debug|x86.Build.0 = Debug|Any CPU
		{EEE6F9FE-42D3-48C0-BCB3-5A47AAE2530F}.Release|Any CPU.ActiveCfg = Release|Any CPU
		{EEE6F9FE-42D3-48C0-BCB3-5A47AAE2530F}.Release|Any CPU.Build.0 = Release|Any CPU
		{EEE6F9FE-42D3-48C0-BCB3-5A47AAE2530F}.Release|x64.ActiveCfg = Release|Any CPU
		{EEE6F9FE-42D3-48C0-BCB3-5A47AAE2530F}.Release|x64.Build.0 = Release|Any CPU
		{EEE6F9FE-42D3-48C0-BCB3-5A47AAE2530F}.Release|x86.ActiveCfg = Release|Any CPU
		{EEE6F9FE-42D3-48C0-BCB3-5A47AAE2530F}.Release|x86.Build.0 = Release|Any CPU
		{A6D0B5CF-6BEA-4301-A5F0-912D0E5604FB}.Debug|Any CPU.ActiveCfg = Debug|Any CPU
		{A6D0B5CF-6BEA-4301-A5F0-912D0E5604FB}.Debug|Any CPU.Build.0 = Debug|Any CPU
		{A6D0B5CF-6BEA-4301-A5F0-912D0E5604FB}.Debug|x64.ActiveCfg = Debug|Any CPU
		{A6D0B5CF-6BEA-4301-A5F0-912D0E5604FB}.Debug|x64.Build.0 = Debug|Any CPU
		{A6D0B5CF-6BEA-4301-A5F0-912D0E5604FB}.Debug|x86.ActiveCfg = Debug|Any CPU
		{A6D0B5CF-6BEA-4301-A5F0-912D0E5604FB}.Debug|x86.Build.0 = Debug|Any CPU
		{A6D0B5CF-6BEA-4301-A5F0-912D0E5604FB}.Release|Any CPU.ActiveCfg = Release|Any CPU
		{A6D0B5CF-6BEA-4301-A5F0-912D0E5604FB}.Release|Any CPU.Build.0 = Release|Any CPU
		{A6D0B5CF-6BEA-4301-A5F0-912D0E5604FB}.Release|x64.ActiveCfg = Release|Any CPU
		{A6D0B5CF-6BEA-4301-A5F0-912D0E5604FB}.Release|x64.Build.0 = Release|Any CPU
		{A6D0B5CF-6BEA-4301-A5F0-912D0E5604FB}.Release|x86.ActiveCfg = Release|Any CPU
		{A6D0B5CF-6BEA-4301-A5F0-912D0E5604FB}.Release|x86.Build.0 = Release|Any CPU
		{94AD753A-3D8B-450E-8C0E-DD882C71FAAF}.Debug|Any CPU.ActiveCfg = Debug|Any CPU
		{94AD753A-3D8B-450E-8C0E-DD882C71FAAF}.Debug|Any CPU.Build.0 = Debug|Any CPU
		{94AD753A-3D8B-450E-8C0E-DD882C71FAAF}.Debug|x64.ActiveCfg = Debug|Any CPU
		{94AD753A-3D8B-450E-8C0E-DD882C71FAAF}.Debug|x64.Build.0 = Debug|Any CPU
		{94AD753A-3D8B-450E-8C0E-DD882C71FAAF}.Debug|x86.ActiveCfg = Debug|Any CPU
		{94AD753A-3D8B-450E-8C0E-DD882C71FAAF}.Debug|x86.Build.0 = Debug|Any CPU
		{94AD753A-3D8B-450E-8C0E-DD882C71FAAF}.Release|Any CPU.ActiveCfg = Release|Any CPU
		{94AD753A-3D8B-450E-8C0E-DD882C71FAAF}.Release|Any CPU.Build.0 = Release|Any CPU
		{94AD753A-3D8B-450E-8C0E-DD882C71FAAF}.Release|x64.ActiveCfg = Release|Any CPU
		{94AD753A-3D8B-450E-8C0E-DD882C71FAAF}.Release|x64.Build.0 = Release|Any CPU
		{94AD753A-3D8B-450E-8C0E-DD882C71FAAF}.Release|x86.ActiveCfg = Release|Any CPU
		{94AD753A-3D8B-450E-8C0E-DD882C71FAAF}.Release|x86.Build.0 = Release|Any CPU
		{A1849784-184B-4440-8448-D739E1A2D40A}.Debug|Any CPU.ActiveCfg = Debug|Any CPU
		{A1849784-184B-4440-8448-D739E1A2D40A}.Debug|Any CPU.Build.0 = Debug|Any CPU
		{A1849784-184B-4440-8448-D739E1A2D40A}.Debug|x64.ActiveCfg = Debug|Any CPU
		{A1849784-184B-4440-8448-D739E1A2D40A}.Debug|x64.Build.0 = Debug|Any CPU
		{A1849784-184B-4440-8448-D739E1A2D40A}.Debug|x86.ActiveCfg = Debug|Any CPU
		{A1849784-184B-4440-8448-D739E1A2D40A}.Debug|x86.Build.0 = Debug|Any CPU
		{A1849784-184B-4440-8448-D739E1A2D40A}.Release|Any CPU.ActiveCfg = Release|Any CPU
		{A1849784-184B-4440-8448-D739E1A2D40A}.Release|Any CPU.Build.0 = Release|Any CPU
		{A1849784-184B-4440-8448-D739E1A2D40A}.Release|x64.ActiveCfg = Release|Any CPU
		{A1849784-184B-4440-8448-D739E1A2D40A}.Release|x64.Build.0 = Release|Any CPU
		{A1849784-184B-4440-8448-D739E1A2D40A}.Release|x86.ActiveCfg = Release|Any CPU
		{A1849784-184B-4440-8448-D739E1A2D40A}.Release|x86.Build.0 = Release|Any CPU
	EndGlobalSection
	GlobalSection(SolutionProperties) = preSolution
		HideSolutionNode = FALSE
	EndGlobalSection
EndGlobal
